
Microsoft Visual Studio Solution File, Format Version 12.00
# Visual Studio Version 17
VisualStudioVersion = 17.8.34330.188
MinimumVisualStudioVersion = 10.0.40219.1
Project("{FAE04EC0-301F-11D3-BF4B-00C04F79EFBC}") = "entitiyf", "entitiyf\entitiyf.csproj", "{3B84011E-35A4-4D59-8173-A9A3146F090D}"
EndProject
Global
	GlobalSection(SolutionConfigurationPlatforms) = preSolution
		Debug|Any CPU = Debug|Any CPU
		Release|Any CPU = Release|Any CPU
	EndGlobalSection
	GlobalSection(ProjectConfigurationPlatforms) = postSolution
		{3B84011E-35A4-4D59-8173-A9A3146F090D}.Debug|Any CPU.ActiveCfg = Debug|Any CPU
		{3B84011E-35A4-4D59-8173-A9A3146F090D}.Debug|Any CPU.Build.0 = Debug|Any CPU
		{3B84011E-35A4-4D59-8173-A9A3146F090D}.Release|Any CPU.ActiveCfg = Release|Any CPU
		{3B84011E-35A4-4D59-8173-A9A3146F090D}.Release|Any CPU.Build.0 = Release|Any CPU
	EndGlobalSection
	GlobalSection(SolutionProperties) = preSolution
		HideSolutionNode = FALSE
	EndGlobalSection
	GlobalSection(ExtensibilityGlobals) = postSolution
		SolutionGuid = {77B616E2-0076-4B6E-8BAE-37074AE2F588}
	EndGlobalSection
EndGlobal
